
Microsoft Visual Studio Solution File, Format Version 12.00
# Visual Studio 15
VisualStudioVersion = 15.0.27004.2002
MinimumVisualStudioVersion = 10.0.40219.1
Project("{FAE04EC0-301F-11D3-BF4B-00C04F79EFBC}") = "DPBDecorator", "DPBDecorator\DPBDecorator.csproj", "{D78B80CE-A86A-4114-BE54-3FC9F74A712E}"
EndProject
Global
	GlobalSection(SolutionConfigurationPlatforms) = preSolution
		Debug|Any CPU = Debug|Any CPU
		Release|Any CPU = Release|Any CPU
	EndGlobalSection
	GlobalSection(ProjectConfigurationPlatforms) = postSolution
		{D78B80CE-A86A-4114-BE54-3FC9F74A712E}.Debug|Any CPU.ActiveCfg = Debug|Any CPU
		{D78B80CE-A86A-4114-BE54-3FC9F74A712E}.Debug|Any CPU.Build.0 = Debug|Any CPU
		{D78B80CE-A86A-4114-BE54-3FC9F74A712E}.Release|Any CPU.ActiveCfg = Release|Any CPU
		{D78B80CE-A86A-4114-BE54-3FC9F74A712E}.Release|Any CPU.Build.0 = Release|Any CPU
	EndGlobalSection
	GlobalSection(SolutionProperties) = preSolution
		HideSolutionNode = FALSE
	EndGlobalSection
	GlobalSection(ExtensibilityGlobals) = postSolution
		SolutionGuid = {275EDFDF-8595-4975-BBA3-21210FADD43F}
	EndGlobalSection
EndGlobal
